
Microsoft Visual Studio Solution File, Format Version 12.00
# Visual Studio Version 17
VisualStudioVersion = 17.4.33110.190
MinimumVisualStudioVersion = 10.0.40219.1
Project("{FAE04EC0-301F-11D3-BF4B-00C04F79EFBC}") = "Transportmk2", "Transportmk2\Transportmk2.csproj", "{1606BF17-A21F-4958-9368-CA89ADA256F4}"
EndProject
Global
	GlobalSection(SolutionConfigurationPlatforms) = preSolution
		Debug|Any CPU = Debug|Any CPU
		Release|Any CPU = Release|Any CPU
	EndGlobalSection
	GlobalSection(ProjectConfigurationPlatforms) = postSolution
		{1606BF17-A21F-4958-9368-CA89ADA256F4}.Debug|Any CPU.ActiveCfg = Debug|Any CPU
		{1606BF17-A21F-4958-9368-CA89ADA256F4}.Debug|Any CPU.Build.0 = Debug|Any CPU
		{1606BF17-A21F-4958-9368-CA89ADA256F4}.Release|Any CPU.ActiveCfg = Release|Any CPU
		{1606BF17-A21F-4958-9368-CA89ADA256F4}.Release|Any CPU.Build.0 = Release|Any CPU
	EndGlobalSection
	GlobalSection(SolutionProperties) = preSolution
		HideSolutionNode = FALSE
	EndGlobalSection
	GlobalSection(ExtensibilityGlobals) = postSolution
		SolutionGuid = {E1FA6E40-C0CD-4BC3-A85C-A73F5C4A92C0}
	EndGlobalSection
EndGlobal
